
Microsoft Visual Studio Solution File, Format Version 12.00
# Visual Studio Version 17
VisualStudioVersion = 17.2.32602.215
MinimumVisualStudioVersion = 10.0.40219.1
Project("{FAE04EC0-301F-11D3-BF4B-00C04F79EFBC}") = "Core CRUD API", "Core CRUD API\Core CRUD API.csproj", "{FE127EF6-0D4D-4625-A259-E553A4424D0D}"
EndProject
Global
	GlobalSection(SolutionConfigurationPlatforms) = preSolution
		Debug|Any CPU = Debug|Any CPU
		Release|Any CPU = Release|Any CPU
	EndGlobalSection
	GlobalSection(ProjectConfigurationPlatforms) = postSolution
		{FE127EF6-0D4D-4625-A259-E553A4424D0D}.Debug|Any CPU.ActiveCfg = Debug|Any CPU
		{FE127EF6-0D4D-4625-A259-E553A4424D0D}.Debug|Any CPU.Build.0 = Debug|Any CPU
		{FE127EF6-0D4D-4625-A259-E553A4424D0D}.Release|Any CPU.ActiveCfg = Release|Any CPU
		{FE127EF6-0D4D-4625-A259-E553A4424D0D}.Release|Any CPU.Build.0 = Release|Any CPU
	EndGlobalSection
	GlobalSection(SolutionProperties) = preSolution
		HideSolutionNode = FALSE
	EndGlobalSection
	GlobalSection(ExtensibilityGlobals) = postSolution
		SolutionGuid = {6A984350-B7EB-4573-982B-409E375C3A10}
	EndGlobalSection
EndGlobal
